// !$*UTF8*$!
{
	archiveVersion = 1;
	classes = {
	};
	objectVersion = 55;
	objects = {

/* Begin PBXBuildFile section */
		781EB8062815DA5400A0CCCE /* TabBarViewController.swift in Sources */ = {isa = PBXBuildFile; fileRef = 781EB8052815DA5400A0CCCE /* TabBarViewController.swift */; };
		788832DC2815E6E800954B90 /* FeedViewController.swift in Sources */ = {isa = PBXBuildFile; fileRef = 788832DB2815E6E800954B90 /* FeedViewController.swift */; };
		788832E02815EA6400954B90 /* PostViewController.swift in Sources */ = {isa = PBXBuildFile; fileRef = 788832DF2815EA6400954B90 /* PostViewController.swift */; };
		788832E22816D4FD00954B90 /* InfoViewController.swift in Sources */ = {isa = PBXBuildFile; fileRef = 788832E12816D4FD00954B90 /* InfoViewController.swift */; };
		789644422811A8330089F6C6 /* AppDelegate.swift in Sources */ = {isa = PBXBuildFile; fileRef = 789644412811A8330089F6C6 /* AppDelegate.swift */; };
		7896444B2811A8340089F6C6 /* Assets.xcassets in Resources */ = {isa = PBXBuildFile; fileRef = 7896444A2811A8340089F6C6 /* Assets.xcassets */; };
		7896444E2811A8340089F6C6 /* LaunchScreen.storyboard in Resources */ = {isa = PBXBuildFile; fileRef = 7896444C2811A8340089F6C6 /* LaunchScreen.storyboard */; };
		78AF595E281ED10B00CE253D /* ProfileViewController.swift in Sources */ = {isa = PBXBuildFile; fileRef = 78AF595D281ED10B00CE253D /* ProfileViewController.swift */; };
		78AF5960281ED6CF00CE253D /* ProfileHeaderView.swift in Sources */ = {isa = PBXBuildFile; fileRef = 78AF595F281ED6CF00CE253D /* ProfileHeaderView.swift */; };
		78AF5962281EDBA200CE253D /* LogInViewController.swift in Sources */ = {isa = PBXBuildFile; fileRef = 78AF5961281EDBA200CE253D /* LogInViewController.swift */; };
		78AF5966281FD41000CE253D /* UIImage+Alpha.swift in Sources */ = {isa = PBXBuildFile; fileRef = 78AF5965281FD41000CE253D /* UIImage+Alpha.swift */; };
		78AF596828215FBD00CE253D /* PostModel.swift in Sources */ = {isa = PBXBuildFile; fileRef = 78AF596728215FBD00CE253D /* PostModel.swift */; };
		78AF596A28216D6100CE253D /* PostTableViewCell.swift in Sources */ = {isa = PBXBuildFile; fileRef = 78AF596928216D6100CE253D /* PostTableViewCell.swift */; };
		78AF596C2821940A00CE253D /* ExtensionUIView.swift in Sources */ = {isa = PBXBuildFile; fileRef = 78AF596B2821940A00CE253D /* ExtensionUIView.swift */; };
		78AF59742826A30900CE253D /* PhotosTableViewCell.swift in Sources */ = {isa = PBXBuildFile; fileRef = 78AF59732826A30900CE253D /* PhotosTableViewCell.swift */; };
		78AF59762826FFA100CE253D /* CustomPhotosCollectionViewCell.swift in Sources */ = {isa = PBXBuildFile; fileRef = 78AF59752826FFA100CE253D /* CustomPhotosCollectionViewCell.swift */; };
		78AF59782827062800CE253D /* PhotosViewController.swift in Sources */ = {isa = PBXBuildFile; fileRef = 78AF59772827062800CE253D /* PhotosViewController.swift */; };
		78AF597A2827DDCF00CE253D /* PhotosCollectionViewCell.swift in Sources */ = {isa = PBXBuildFile; fileRef = 78AF59792827DDCF00CE253D /* PhotosCollectionViewCell.swift */; };
/* End PBXBuildFile section */

/* Begin PBXFileReference section */
		781EB8052815DA5400A0CCCE /* TabBarViewController.swift */ = {isa = PBXFileReference; lastKnownFileType = sourcecode.swift; path = TabBarViewController.swift; sourceTree = "<group>"; };
		788832DB2815E6E800954B90 /* FeedViewController.swift */ = {isa = PBXFileReference; lastKnownFileType = sourcecode.swift; path = FeedViewController.swift; sourceTree = "<group>"; };
		788832DF2815EA6400954B90 /* PostViewController.swift */ = {isa = PBXFileReference; lastKnownFileType = sourcecode.swift; path = PostViewController.swift; sourceTree = "<group>"; };
		788832E12816D4FD00954B90 /* InfoViewController.swift */ = {isa = PBXFileReference; lastKnownFileType = sourcecode.swift; path = InfoViewController.swift; sourceTree = "<group>"; };
		7896443E2811A8330089F6C6 /* Netology_IB_Instruments'.app */ = {isa = PBXFileReference; explicitFileType = wrapper.application; includeInIndex = 0; path = "Netology_IB_Instruments'.app"; sourceTree = BUILT_PRODUCTS_DIR; };
		789644412811A8330089F6C6 /* AppDelegate.swift */ = {isa = PBXFileReference; lastKnownFileType = sourcecode.swift; path = AppDelegate.swift; sourceTree = "<group>"; };
		7896444A2811A8340089F6C6 /* Assets.xcassets */ = {isa = PBXFileReference; lastKnownFileType = folder.assetcatalog; path = Assets.xcassets; sourceTree = "<group>"; };
		7896444D2811A8340089F6C6 /* Base */ = {isa = PBXFileReference; lastKnownFileType = file.storyboard; name = Base; path = Base.lproj/LaunchScreen.storyboard; sourceTree = "<group>"; };
		7896444F2811A8340089F6C6 /* Info.plist */ = {isa = PBXFileReference; lastKnownFileType = text.plist.xml; path = Info.plist; sourceTree = "<group>"; };
		78AF595D281ED10B00CE253D /* ProfileViewController.swift */ = {isa = PBXFileReference; lastKnownFileType = sourcecode.swift; path = ProfileViewController.swift; sourceTree = "<group>"; };
		78AF595F281ED6CF00CE253D /* ProfileHeaderView.swift */ = {isa = PBXFileReference; lastKnownFileType = sourcecode.swift; path = ProfileHeaderView.swift; sourceTree = "<group>"; };
		78AF5961281EDBA200CE253D /* LogInViewController.swift */ = {isa = PBXFileReference; lastKnownFileType = sourcecode.swift; path = LogInViewController.swift; sourceTree = "<group>"; };
		78AF5965281FD41000CE253D /* UIImage+Alpha.swift */ = {isa = PBXFileReference; lastKnownFileType = sourcecode.swift; path = "UIImage+Alpha.swift"; sourceTree = "<group>"; };
		78AF596728215FBD00CE253D /* PostModel.swift */ = {isa = PBXFileReference; lastKnownFileType = sourcecode.swift; path = PostModel.swift; sourceTree = "<group>"; };
		78AF596928216D6100CE253D /* PostTableViewCell.swift */ = {isa = PBXFileReference; lastKnownFileType = sourcecode.swift; path = PostTableViewCell.swift; sourceTree = "<group>"; };
		78AF596B2821940A00CE253D /* ExtensionUIView.swift */ = {isa = PBXFileReference; lastKnownFileType = sourcecode.swift; path = ExtensionUIView.swift; sourceTree = "<group>"; };
		78AF59732826A30900CE253D /* PhotosTableViewCell.swift */ = {isa = PBXFileReference; lastKnownFileType = sourcecode.swift; path = PhotosTableViewCell.swift; sourceTree = "<group>"; };
		78AF59752826FFA100CE253D /* CustomPhotosCollectionViewCell.swift */ = {isa = PBXFileReference; lastKnownFileType = sourcecode.swift; path = CustomPhotosCollectionViewCell.swift; sourceTree = "<group>"; };
		78AF59772827062800CE253D /* PhotosViewController.swift */ = {isa = PBXFileReference; lastKnownFileType = sourcecode.swift; path = PhotosViewController.swift; sourceTree = "<group>"; };
		78AF59792827DDCF00CE253D /* PhotosCollectionViewCell.swift */ = {isa = PBXFileReference; lastKnownFileType = sourcecode.swift; path = PhotosCollectionViewCell.swift; sourceTree = "<group>"; };
/* End PBXFileReference section */

/* Begin PBXFrameworksBuildPhase section */
		7896443B2811A8330089F6C6 /* Frameworks */ = {
			isa = PBXFrameworksBuildPhase;
			buildActionMask = 2147483647;
			files = (
			);
			runOnlyForDeploymentPostprocessing = 0;
		};
/* End PBXFrameworksBuildPhase section */

/* Begin PBXGroup section */
		789644352811A8330089F6C6 = {
			isa = PBXGroup;
			children = (
				789644402811A8330089F6C6 /* Netology_IB_Instruments' */,
				7896443F2811A8330089F6C6 /* Products */,
			);
			sourceTree = "<group>";
		};
		7896443F2811A8330089F6C6 /* Products */ = {
			isa = PBXGroup;
			children = (
				7896443E2811A8330089F6C6 /* Netology_IB_Instruments'.app */,
			);
			name = Products;
			sourceTree = "<group>";
		};
		789644402811A8330089F6C6 /* Netology_IB_Instruments' */ = {
			isa = PBXGroup;
			children = (
				78AF595C281ED0E300CE253D /* Profile */,
				789644412811A8330089F6C6 /* AppDelegate.swift */,
				788832DB2815E6E800954B90 /* FeedViewController.swift */,
				788832DF2815EA6400954B90 /* PostViewController.swift */,
				788832E12816D4FD00954B90 /* InfoViewController.swift */,
				781EB8052815DA5400A0CCCE /* TabBarViewController.swift */,
				7896444A2811A8340089F6C6 /* Assets.xcassets */,
				7896444C2811A8340089F6C6 /* LaunchScreen.storyboard */,
				7896444F2811A8340089F6C6 /* Info.plist */,
			);
			path = "Netology_IB_Instruments'";
			sourceTree = "<group>";
		};
		78AF595C281ED0E300CE253D /* Profile */ = {
			isa = PBXGroup;
			children = (
				78AF5961281EDBA200CE253D /* LogInViewController.swift */,
				78AF595D281ED10B00CE253D /* ProfileViewController.swift */,
				78AF59772827062800CE253D /* PhotosViewController.swift */,
				78AF595F281ED6CF00CE253D /* ProfileHeaderView.swift */,
				78AF596728215FBD00CE253D /* PostModel.swift */,
				78AF596928216D6100CE253D /* PostTableViewCell.swift */,
				78AF59732826A30900CE253D /* PhotosTableViewCell.swift */,
				78AF59792827DDCF00CE253D /* PhotosCollectionViewCell.swift */,
				78AF59752826FFA100CE253D /* CustomPhotosCollectionViewCell.swift */,
				78AF5965281FD41000CE253D /* UIImage+Alpha.swift */,
				78AF596B2821940A00CE253D /* ExtensionUIView.swift */,
			);
			path = Profile;
			sourceTree = "<group>";
		};
/* End PBXGroup section */

/* Begin PBXNativeTarget section */
		7896443D2811A8330089F6C6 /* Netology_IB_Instruments' */ = {
			isa = PBXNativeTarget;
			buildConfigurationList = 789644522811A8340089F6C6 /* Build configuration list for PBXNativeTarget "Netology_IB_Instruments'" */;
			buildPhases = (
				7896443A2811A8330089F6C6 /* Sources */,
				7896443B2811A8330089F6C6 /* Frameworks */,
				7896443C2811A8330089F6C6 /* Resources */,
			);
			buildRules = (
			);
			dependencies = (
			);
			name = "Netology_IB_Instruments'";
			productName = "Netology_IB_Instruments'";
			productReference = 7896443E2811A8330089F6C6 /* Netology_IB_Instruments'.app */;
			productType = "com.apple.product-type.application";
		};
/* End PBXNativeTarget section */

/* Begin PBXProject section */
		789644362811A8330089F6C6 /* Project object */ = {
			isa = PBXProject;
			attributes = {
				BuildIndependentTargetsInParallel = 1;
				LastSwiftUpdateCheck = 1330;
				LastUpgradeCheck = 1330;
				TargetAttributes = {
					7896443D2811A8330089F6C6 = {
						CreatedOnToolsVersion = 13.3;
					};
				};
			};
			buildConfigurationList = 789644392811A8330089F6C6 /* Build configuration list for PBXProject "Netology_IB_Instruments'" */;
			compatibilityVersion = "Xcode 13.0";
			developmentRegion = en;
			hasScannedForEncodings = 0;
			knownRegions = (
				en,
				Base,
			);
			mainGroup = 789644352811A8330089F6C6;
			productRefGroup = 7896443F2811A8330089F6C6 /* Products */;
			projectDirPath = "";
			projectRoot = "";
			targets = (
				7896443D2811A8330089F6C6 /* Netology_IB_Instruments' */,
			);
		};
/* End PBXProject section */

/* Begin PBXResourcesBuildPhase section */
		7896443C2811A8330089F6C6 /* Resources */ = {
			isa = PBXResourcesBuildPhase;
			buildActionMask = 2147483647;
			files = (
				7896444E2811A8340089F6C6 /* LaunchScreen.storyboard in Resources */,
				7896444B2811A8340089F6C6 /* Assets.xcassets in Resources */,
			);
			runOnlyForDeploymentPostprocessing = 0;
		};
/* End PBXResourcesBuildPhase section */

/* Begin PBXSourcesBuildPhase section */
		7896443A2811A8330089F6C6 /* Sources */ = {
			isa = PBXSourcesBuildPhase;
			buildActionMask = 2147483647;
			files = (
				78AF59762826FFA100CE253D /* CustomPhotosCollectionViewCell.swift in Sources */,
				78AF596A28216D6100CE253D /* PostTableViewCell.swift in Sources */,
				788832E02815EA6400954B90 /* PostViewController.swift in Sources */,
				78AF596828215FBD00CE253D /* PostModel.swift in Sources */,
				781EB8062815DA5400A0CCCE /* TabBarViewController.swift in Sources */,
				78AF5966281FD41000CE253D /* UIImage+Alpha.swift in Sources */,
				788832E22816D4FD00954B90 /* InfoViewController.swift in Sources */,
				78AF596C2821940A00CE253D /* ExtensionUIView.swift in Sources */,
				78AF595E281ED10B00CE253D /* ProfileViewController.swift in Sources */,
				78AF59782827062800CE253D /* PhotosViewController.swift in Sources */,
				78AF5962281EDBA200CE253D /* LogInViewController.swift in Sources */,
				78AF59742826A30900CE253D /* PhotosTableViewCell.swift in Sources */,
				789644422811A8330089F6C6 /* AppDelegate.swift in Sources */,
				78AF597A2827DDCF00CE253D /* PhotosCollectionViewCell.swift in Sources */,
				788832DC2815E6E800954B90 /* FeedViewController.swift in Sources */,
				78AF5960281ED6CF00CE253D /* ProfileHeaderView.swift in Sources */,
			);
			runOnlyForDeploymentPostprocessing = 0;
		};
/* End PBXSourcesBuildPhase section */

/* Begin PBXVariantGroup section */
		7896444C2811A8340089F6C6 /* LaunchScreen.storyboard */ = {
			isa = PBXVariantGroup;
			children = (
				7896444D2811A8340089F6C6 /* Base */,
			);
			name = LaunchScreen.storyboard;
			sourceTree = "<group>";
		};
/* End PBXVariantGroup section */

/* Begin XCBuildConfiguration section */
		789644502811A8340089F6C6 /* Debug */ = {
			isa = XCBuildConfiguration;
			buildSettings = {
				ALWAYS_SEARCH_USER_PATHS = NO;
				CLANG_ANALYZER_NONNULL = YES;
				CLANG_ANALYZER_NUMBER_OBJECT_CONVERSION = YES_AGGRESSIVE;
				CLANG_CXX_LANGUAGE_STANDARD = "gnu++17";
				CLANG_ENABLE_MODULES = YES;
				CLANG_ENABLE_OBJC_ARC = YES;
				CLANG_ENABLE_OBJC_WEAK = YES;
				CLANG_WARN_BLOCK_CAPTURE_AUTORELEASING = YES;
				CLANG_WARN_BOOL_CONVERSION = YES;
				CLANG_WARN_COMMA = YES;
				CLANG_WARN_CONSTANT_CONVERSION = YES;
				CLANG_WARN_DEPRECATED_OBJC_IMPLEMENTATIONS = YES;
				CLANG_WARN_DIRECT_OBJC_ISA_USAGE = YES_ERROR;
				CLANG_WARN_DOCUMENTATION_COMMENTS = YES;
				CLANG_WARN_EMPTY_BODY = YES;
				CLANG_WARN_ENUM_CONVERSION = YES;
				CLANG_WARN_INFINITE_RECURSION = YES;
				CLANG_WARN_INT_CONVERSION = YES;
				CLANG_WARN_NON_LITERAL_NULL_CONVERSION = YES;
				CLANG_WARN_OBJC_IMPLICIT_RETAIN_SELF = YES;
				CLANG_WARN_OBJC_LITERAL_CONVERSION = YES;
				CLANG_WARN_OBJC_ROOT_CLASS = YES_ERROR;
				CLANG_WARN_QUOTED_INCLUDE_IN_FRAMEWORK_HEADER = YES;
				CLANG_WARN_RANGE_LOOP_ANALYSIS = YES;
				CLANG_WARN_STRICT_PROTOTYPES = YES;
				CLANG_WARN_SUSPICIOUS_MOVE = YES;
				CLANG_WARN_UNGUARDED_AVAILABILITY = YES_AGGRESSIVE;
				CLANG_WARN_UNREACHABLE_CODE = YES;
				CLANG_WARN__DUPLICATE_METHOD_MATCH = YES;
				COPY_PHASE_STRIP = NO;
				DEBUG_INFORMATION_FORMAT = dwarf;
				ENABLE_STRICT_OBJC_MSGSEND = YES;
				ENABLE_TESTABILITY = YES;
				GCC_C_LANGUAGE_STANDARD = gnu11;
				GCC_DYNAMIC_NO_PIC = NO;
				GCC_NO_COMMON_BLOCKS = YES;
				GCC_OPTIMIZATION_LEVEL = 0;
				GCC_PREPROCESSOR_DEFINITIONS = (
					"DEBUG=1",
					"$(inherited)",
				);
				GCC_WARN_64_TO_32_BIT_CONVERSION = YES;
				GCC_WARN_ABOUT_RETURN_TYPE = YES_ERROR;
				GCC_WARN_UNDECLARED_SELECTOR = YES;
				GCC_WARN_UNINITIALIZED_AUTOS = YES_AGGRESSIVE;
				GCC_WARN_UNUSED_FUNCTION = YES;
				GCC_WARN_UNUSED_VARIABLE = YES;
				IPHONEOS_DEPLOYMENT_TARGET = 15.4;
				MTL_ENABLE_DEBUG_INFO = INCLUDE_SOURCE;
				MTL_FAST_MATH = YES;
				ONLY_ACTIVE_ARCH = YES;
				SDKROOT = iphoneos;
				SWIFT_ACTIVE_COMPILATION_CONDITIONS = DEBUG;
				SWIFT_OPTIMIZATION_LEVEL = "-Onone";
			};
			name = Debug;
		};
		789644512811A8340089F6C6 /* Release */ = {
			isa = XCBuildConfiguration;
			buildSettings = {
				ALWAYS_SEARCH_USER_PATHS = NO;
				CLANG_ANALYZER_NONNULL = YES;
				CLANG_ANALYZER_NUMBER_OBJECT_CONVERSION = YES_AGGRESSIVE;
				CLANG_CXX_LANGUAGE_STANDARD = "gnu++17";
				CLANG_ENABLE_MODULES = YES;
				CLANG_ENABLE_OBJC_ARC = YES;
				CLANG_ENABLE_OBJC_WEAK = YES;
				CLANG_WARN_BLOCK_CAPTURE_AUTORELEASING = YES;
				CLANG_WARN_BOOL_CONVERSION = YES;
				CLANG_WARN_COMMA = YES;
				CLANG_WARN_CONSTANT_CONVERSION = YES;
				CLANG_WARN_DEPRECATED_OBJC_IMPLEMENTATIONS = YES;
				CLANG_WARN_DIRECT_OBJC_ISA_USAGE = YES_ERROR;
				CLANG_WARN_DOCUMENTATION_COMMENTS = YES;
				CLANG_WARN_EMPTY_BODY = YES;
				CLANG_WARN_ENUM_CONVERSION = YES;
				CLANG_WARN_INFINITE_RECURSION = YES;
				CLANG_WARN_INT_CONVERSION = YES;
				CLANG_WARN_NON_LITERAL_NULL_CONVERSION = YES;
				CLANG_WARN_OBJC_IMPLICIT_RETAIN_SELF = YES;
				CLANG_WARN_OBJC_LITERAL_CONVERSION = YES;
				CLANG_WARN_OBJC_ROOT_CLASS = YES_ERROR;
				CLANG_WARN_QUOTED_INCLUDE_IN_FRAMEWORK_HEADER = YES;
				CLANG_WARN_RANGE_LOOP_ANALYSIS = YES;
				CLANG_WARN_STRICT_PROTOTYPES = YES;
				CLANG_WARN_SUSPICIOUS_MOVE = YES;
				CLANG_WARN_UNGUARDED_AVAILABILITY = YES_AGGRESSIVE;
				CLANG_WARN_UNREACHABLE_CODE = YES;
				CLANG_WARN__DUPLICATE_METHOD_MATCH = YES;
				COPY_PHASE_STRIP = NO;
				DEBUG_INFORMATION_FORMAT = "dwarf-with-dsym";
				ENABLE_NS_ASSERTIONS = NO;
				ENABLE_STRICT_OBJC_MSGSEND = YES;
				GCC_C_LANGUAGE_STANDARD = gnu11;
				GCC_NO_COMMON_BLOCKS = YES;
				GCC_WARN_64_TO_32_BIT_CONVERSION = YES;
				GCC_WARN_ABOUT_RETURN_TYPE = YES_ERROR;
				GCC_WARN_UNDECLARED_SELECTOR = YES;
				GCC_WARN_UNINITIALIZED_AUTOS = YES_AGGRESSIVE;
				GCC_WARN_UNUSED_FUNCTION = YES;
				GCC_WARN_UNUSED_VARIABLE = YES;
				IPHONEOS_DEPLOYMENT_TARGET = 15.4;
				MTL_ENABLE_DEBUG_INFO = NO;
				MTL_FAST_MATH = YES;
				SDKROOT = iphoneos;
				SWIFT_COMPILATION_MODE = wholemodule;
				SWIFT_OPTIMIZATION_LEVEL = "-O";
				VALIDATE_PRODUCT = YES;
			};
			name = Release;
		};
		789644532811A8340089F6C6 /* Debug */ = {
			isa = XCBuildConfiguration;
			buildSettings = {
				ASSETCATALOG_COMPILER_APPICON_NAME = AppIcon;
				ASSETCATALOG_COMPILER_GLOBAL_ACCENT_COLOR_NAME = AccentColor;
				CODE_SIGN_STYLE = Automatic;
				CURRENT_PROJECT_VERSION = 1;
				DEVELOPMENT_TEAM = 9J7HQ9NRH8;
				GENERATE_INFOPLIST_FILE = YES;
				INFOPLIST_FILE = "Netology_IB_Instruments'/Info.plist";
				INFOPLIST_KEY_UIApplicationSupportsIndirectInputEvents = YES;
				INFOPLIST_KEY_UILaunchStoryboardName = LaunchScreen;
				INFOPLIST_KEY_UISupportedInterfaceOrientations_iPad = "UIInterfaceOrientationPortrait UIInterfaceOrientationPortraitUpsideDown UIInterfaceOrientationLandscapeLeft UIInterfaceOrientationLandscapeRight";
				INFOPLIST_KEY_UISupportedInterfaceOrientations_iPhone = "UIInterfaceOrientationPortrait UIInterfaceOrientationLandscapeLeft UIInterfaceOrientationLandscapeRight";
				LD_RUNPATH_SEARCH_PATHS = (
					"$(inherited)",
					"@executable_path/Frameworks",
				);
				MARKETING_VERSION = 1.0;
				PRODUCT_BUNDLE_IDENTIFIER = "Netology-refer.Netology-IB-Instruments-";
				PRODUCT_NAME = "$(TARGET_NAME)";
				SWIFT_EMIT_LOC_STRINGS = YES;
				SWIFT_VERSION = 5.0;
				TARGETED_DEVICE_FAMILY = "1,2";
			};
			name = Debug;
		};
		789644542811A8340089F6C6 /* Release */ = {
			isa = XCBuildConfiguration;
			buildSettings = {
				ASSETCATALOG_COMPILER_APPICON_NAME = AppIcon;
				ASSETCATALOG_COMPILER_GLOBAL_ACCENT_COLOR_NAME = AccentColor;
				CODE_SIGN_STYLE = Automatic;
				CURRENT_PROJECT_VERSION = 1;
				DEVELOPMENT_TEAM = 9J7HQ9NRH8;
				GENERATE_INFOPLIST_FILE = YES;
				INFOPLIST_FILE = "Netology_IB_Instruments'/Info.plist";
				INFOPLIST_KEY_UIApplicationSupportsIndirectInputEvents = YES;
				INFOPLIST_KEY_UILaunchStoryboardName = LaunchScreen;
				INFOPLIST_KEY_UISupportedInterfaceOrientations_iPad = "UIInterfaceOrientationPortrait UIInterfaceOrientationPortraitUpsideDown UIInterfaceOrientationLandscapeLeft UIInterfaceOrientationLandscapeRight";
				INFOPLIST_KEY_UISupportedInterfaceOrientations_iPhone = "UIInterfaceOrientationPortrait UIInterfaceOrientationLandscapeLeft UIInterfaceOrientationLandscapeRight";
				LD_RUNPATH_SEARCH_PATHS = (
					"$(inherited)",
					"@executable_path/Frameworks",
				);
				MARKETING_VERSION = 1.0;
				PRODUCT_BUNDLE_IDENTIFIER = "Netology-refer.Netology-IB-Instruments-";
				PRODUCT_NAME = "$(TARGET_NAME)";
				SWIFT_EMIT_LOC_STRINGS = YES;
				SWIFT_VERSION = 5.0;
				TARGETED_DEVICE_FAMILY = "1,2";
			};
			name = Release;
		};
/* End XCBuildConfiguration section */

/* Begin XCConfigurationList section */
		789644392811A8330089F6C6 /* Build configuration list for PBXProject "Netology_IB_Instruments'" */ = {
			isa = XCConfigurationList;
			buildConfigurations = (
				789644502811A8340089F6C6 /* Debug */,
				789644512811A8340089F6C6 /* Release */,
			);
			defaultConfigurationIsVisible = 0;
			defaultConfigurationName = Release;
		};
		789644522811A8340089F6C6 /* Build configuration list for PBXNativeTarget "Netology_IB_Instruments'" */ = {
			isa = XCConfigurationList;
			buildConfigurations = (
				789644532811A8340089F6C6 /* Debug */,
				789644542811A8340089F6C6 /* Release */,
			);
			defaultConfigurationIsVisible = 0;
			defaultConfigurationName = Release;
		};
/* End XCConfigurationList section */
	};
	rootObject = 789644362811A8330089F6C6 /* Project object */;
}
